
Microsoft Visual Studio Solution File, Format Version 12.00
# Visual Studio Version 17
VisualStudioVersion = 17.4.33103.184
MinimumVisualStudioVersion = 10.0.40219.1
Project("{9A19103F-16F7-4668-BE54-9A1E7A4F7556}") = "BlazorIntro.Server", "BlazorIntro\Server\BlazorIntro.Server.csproj", "{5F9B8C03-A8F0-4A4C-A3A3-8B84B0A03CC9}"
EndProject
Project("{9A19103F-16F7-4668-BE54-9A1E7A4F7556}") = "BlazorIntro.Client", "BlazorIntro\Client\BlazorIntro.Client.csproj", "{576ECAAB-093C-4C1F-886F-72F5CE9A1277}"
EndProject
Project("{9A19103F-16F7-4668-BE54-9A1E7A4F7556}") = "BlazorIntro.Shared", "BlazorIntro\Shared\BlazorIntro.Shared.csproj", "{3426A6B6-9DAA-4F9D-A65A-7BA7D4D3D821}"
EndProject
Project("{9A19103F-16F7-4668-BE54-9A1E7A4F7556}") = "BlazorIntro.Client.Test", "BlazorIntro.Client.Test\BlazorIntro.Client.Test.csproj", "{426AE32E-5693-485C-8B61-35A9D3711A5A}"
EndProject
Global
	GlobalSection(SolutionConfigurationPlatforms) = preSolution
		Debug|Any CPU = Debug|Any CPU
		Release|Any CPU = Release|Any CPU
	EndGlobalSection
	GlobalSection(ProjectConfigurationPlatforms) = postSolution
		{5F9B8C03-A8F0-4A4C-A3A3-8B84B0A03CC9}.Debug|Any CPU.ActiveCfg = Debug|Any CPU
		{5F9B8C03-A8F0-4A4C-A3A3-8B84B0A03CC9}.Debug|Any CPU.Build.0 = Debug|Any CPU
		{5F9B8C03-A8F0-4A4C-A3A3-8B84B0A03CC9}.Release|Any CPU.ActiveCfg = Release|Any CPU
		{5F9B8C03-A8F0-4A4C-A3A3-8B84B0A03CC9}.Release|Any CPU.Build.0 = Release|Any CPU
		{576ECAAB-093C-4C1F-886F-72F5CE9A1277}.Debug|Any CPU.ActiveCfg = Debug|Any CPU
		{576ECAAB-093C-4C1F-886F-72F5CE9A1277}.Debug|Any CPU.Build.0 = Debug|Any CPU
		{576ECAAB-093C-4C1F-886F-72F5CE9A1277}.Release|Any CPU.ActiveCfg = Release|Any CPU
		{576ECAAB-093C-4C1F-886F-72F5CE9A1277}.Release|Any CPU.Build.0 = Release|Any CPU
		{3426A6B6-9DAA-4F9D-A65A-7BA7D4D3D821}.Debug|Any CPU.ActiveCfg = Debug|Any CPU
		{3426A6B6-9DAA-4F9D-A65A-7BA7D4D3D821}.Debug|Any CPU.Build.0 = Debug|Any CPU
		{3426A6B6-9DAA-4F9D-A65A-7BA7D4D3D821}.Release|Any CPU.ActiveCfg = Release|Any CPU
		{3426A6B6-9DAA-4F9D-A65A-7BA7D4D3D821}.Release|Any CPU.Build.0 = Release|Any CPU
		{426AE32E-5693-485C-8B61-35A9D3711A5A}.Debug|Any CPU.ActiveCfg = Debug|Any CPU
		{426AE32E-5693-485C-8B61-35A9D3711A5A}.Debug|Any CPU.Build.0 = Debug|Any CPU
		{426AE32E-5693-485C-8B61-35A9D3711A5A}.Release|Any CPU.ActiveCfg = Release|Any CPU
		{426AE32E-5693-485C-8B61-35A9D3711A5A}.Release|Any CPU.Build.0 = Release|Any CPU
	EndGlobalSection
	GlobalSection(SolutionProperties) = preSolution
		HideSolutionNode = FALSE
	EndGlobalSection
	GlobalSection(ExtensibilityGlobals) = postSolution
		SolutionGuid = {4CC229F7-CAE9-4E10-AEF0-615CF3E1D313}
	EndGlobalSection
EndGlobal
